
Microsoft Visual Studio Solution File, Format Version 12.00
# Visual Studio Version 17
VisualStudioVersion = 17.4.33205.214
MinimumVisualStudioVersion = 10.0.40219.1
Project("{FAE04EC0-301F-11D3-BF4B-00C04F79EFBC}") = "Baco", "Baco\Baco.csproj", "{B2EF55D7-CBB4-4556-8223-BB2E63EB84A2}"
EndProject
Project("{FAE04EC0-301F-11D3-BF4B-00C04F79EFBC}") = "BacoTest", "BacoTest\BacoTest.csproj", "{42CD132E-158B-46E7-97B3-4F3B02AB2142}"
EndProject
Global
	GlobalSection(SolutionConfigurationPlatforms) = preSolution
		Debug|Any CPU = Debug|Any CPU
		Release|Any CPU = Release|Any CPU
	EndGlobalSection
	GlobalSection(ProjectConfigurationPlatforms) = postSolution
		{B2EF55D7-CBB4-4556-8223-BB2E63EB84A2}.Debug|Any CPU.ActiveCfg = Debug|Any CPU
		{B2EF55D7-CBB4-4556-8223-BB2E63EB84A2}.Debug|Any CPU.Build.0 = Debug|Any CPU
		{B2EF55D7-CBB4-4556-8223-BB2E63EB84A2}.Release|Any CPU.ActiveCfg = Release|Any CPU
		{B2EF55D7-CBB4-4556-8223-BB2E63EB84A2}.Release|Any CPU.Build.0 = Release|Any CPU
		{42CD132E-158B-46E7-97B3-4F3B02AB2142}.Debug|Any CPU.ActiveCfg = Debug|Any CPU
		{42CD132E-158B-46E7-97B3-4F3B02AB2142}.Debug|Any CPU.Build.0 = Debug|Any CPU
		{42CD132E-158B-46E7-97B3-4F3B02AB2142}.Release|Any CPU.ActiveCfg = Release|Any CPU
		{42CD132E-158B-46E7-97B3-4F3B02AB2142}.Release|Any CPU.Build.0 = Release|Any CPU
	EndGlobalSection
	GlobalSection(SolutionProperties) = preSolution
		HideSolutionNode = FALSE
	EndGlobalSection
	GlobalSection(ExtensibilityGlobals) = postSolution
		SolutionGuid = {A8FA0747-2A45-4274-8A03-20EF99E3B9E0}
	EndGlobalSection
EndGlobal
